{
  "name": "ChazeFashion",
  "lockfileVersion": 3,
  "requires": true,
  "packages": {
    "": {
      "devDependencies": {
        "daisyui": "^5.0.47"
      }
    },
    "node_modules/daisyui": {
      "version": "5.0.47",
      "resolved": "https://registry.npmjs.org/daisyui/-/daisyui-5.0.47.tgz",
      "integrity": "sha512-RuYjjVKpodDoOYAHIvG6qC3BeRxhlyj4JCO+6aV0VzK+i3RWD7cmICh0m5+Xfr5938mV0Mk7FUOQ00msz8H8dw==",
      "dev": true,
      "license": "MIT",
      "funding": {
        "url": "https://github.com/saadeghi/daisyui?sponsor=1"
      }
    }
  }
}
